
Microsoft Visual Studio Solution File, Format Version 12.00
# Visual Studio Version 17
VisualStudioVersion = 17.11.35327.3
MinimumVisualStudioVersion = 10.0.40219.1
Project("{FAE04EC0-301F-11D3-BF4B-00C04F79EFBC}") = "Lab1", "Lab1\Lab1.csproj", "{CDD512B0-2FD0-45C4-89CC-DD7453AAB923}"
EndProject
Global
	GlobalSection(SolutionConfigurationPlatforms) = preSolution
		Debug|Any CPU = Debug|Any CPU
		Release|Any CPU = Release|Any CPU
	EndGlobalSection
	GlobalSection(ProjectConfigurationPlatforms) = postSolution
		{CDD512B0-2FD0-45C4-89CC-DD7453AAB923}.Debug|Any CPU.ActiveCfg = Debug|Any CPU
		{CDD512B0-2FD0-45C4-89CC-DD7453AAB923}.Debug|Any CPU.Build.0 = Debug|Any CPU
		{CDD512B0-2FD0-45C4-89CC-DD7453AAB923}.Release|Any CPU.ActiveCfg = Release|Any CPU
		{CDD512B0-2FD0-45C4-89CC-DD7453AAB923}.Release|Any CPU.Build.0 = Release|Any CPU
	EndGlobalSection
	GlobalSection(SolutionProperties) = preSolution
		HideSolutionNode = FALSE
	EndGlobalSection
	GlobalSection(ExtensibilityGlobals) = postSolution
		SolutionGuid = {D59BC1C4-84C7-4CAF-8F18-F464EA939C74}
	EndGlobalSection
EndGlobal
